// !$*UTF8*$!
{
	archiveVersion = 1;
	classes = {
	};
	objectVersion = 46;
	objects = {

/* Begin PBXBuildFile section */
		AFC2A79B1CC3782800FC6AFA /* AppDelegate.swift in Sources */ = {isa = PBXBuildFile; fileRef = AFC2A79A1CC3782800FC6AFA /* AppDelegate.swift */; };
		AFC2A79D1CC3782800FC6AFA /* IdentifyViewController.swift in Sources */ = {isa = PBXBuildFile; fileRef = AFC2A79C1CC3782800FC6AFA /* IdentifyViewController.swift */; };
		AFC2A7A01CC3782900FC6AFA /* Main.storyboard in Resources */ = {isa = PBXBuildFile; fileRef = AFC2A79E1CC3782900FC6AFA /* Main.storyboard */; };
		AFC2A7A21CC3782900FC6AFA /* Assets.xcassets in Resources */ = {isa = PBXBuildFile; fileRef = AFC2A7A11CC3782900FC6AFA /* Assets.xcassets */; };
		AFC2A7A51CC3782900FC6AFA /* LaunchScreen.storyboard in Resources */ = {isa = PBXBuildFile; fileRef = AFC2A7A31CC3782900FC6AFA /* LaunchScreen.storyboard */; };
		FC5569741D6FE377006A8D13 /* DetailViewController.swift in Sources */ = {isa = PBXBuildFile; fileRef = FC5569731D6FE377006A8D13 /* DetailViewController.swift */; };
		FC5569781D6FE3AB006A8D13 /* NOSTRASDK.framework in Frameworks */ = {isa = PBXBuildFile; fileRef = FC5569771D6FE3AB006A8D13 /* NOSTRASDK.framework */; };
		FC5569791D6FE3AB006A8D13 /* NOSTRASDK.framework in Embed Frameworks */ = {isa = PBXBuildFile; fileRef = FC5569771D6FE3AB006A8D13 /* NOSTRASDK.framework */; settings = {ATTRIBUTES = (CodeSignOnCopy, RemoveHeadersOnCopy, ); }; };
/* End PBXBuildFile section */

/* Begin PBXCopyFilesBuildPhase section */
		AF669B5B1CC4C68D0025AAE2 /* Embed Frameworks */ = {
			isa = PBXCopyFilesBuildPhase;
			buildActionMask = 2147483647;
			dstPath = "";
			dstSubfolderSpec = 10;
			files = (
				FC5569791D6FE3AB006A8D13 /* NOSTRASDK.framework in Embed Frameworks */,
			);
			name = "Embed Frameworks";
			runOnlyForDeploymentPostprocessing = 0;
		};
/* End PBXCopyFilesBuildPhase section */

/* Begin PBXFileReference section */
		AFC2A7971CC3782800FC6AFA /* IdentifySample.app */ = {isa = PBXFileReference; explicitFileType = wrapper.application; includeInIndex = 0; path = IdentifySample.app; sourceTree = BUILT_PRODUCTS_DIR; };
		AFC2A79A1CC3782800FC6AFA /* AppDelegate.swift */ = {isa = PBXFileReference; lastKnownFileType = sourcecode.swift; path = AppDelegate.swift; sourceTree = "<group>"; };
		AFC2A79C1CC3782800FC6AFA /* IdentifyViewController.swift */ = {isa = PBXFileReference; lastKnownFileType = sourcecode.swift; path = IdentifyViewController.swift; sourceTree = "<group>"; };
		AFC2A79F1CC3782900FC6AFA /* Base */ = {isa = PBXFileReference; lastKnownFileType = file.storyboard; name = Base; path = Base.lproj/Main.storyboard; sourceTree = "<group>"; };
		AFC2A7A11CC3782900FC6AFA /* Assets.xcassets */ = {isa = PBXFileReference; lastKnownFileType = folder.assetcatalog; path = Assets.xcassets; sourceTree = "<group>"; };
		AFC2A7A41CC3782900FC6AFA /* Base */ = {isa = PBXFileReference; lastKnownFileType = file.storyboard; name = Base; path = Base.lproj/LaunchScreen.storyboard; sourceTree = "<group>"; };
		AFC2A7A61CC3782900FC6AFA /* Info.plist */ = {isa = PBXFileReference; lastKnownFileType = text.plist.xml; path = Info.plist; sourceTree = "<group>"; };
		FC5569731D6FE377006A8D13 /* DetailViewController.swift */ = {isa = PBXFileReference; fileEncoding = 4; lastKnownFileType = sourcecode.swift; path = DetailViewController.swift; sourceTree = "<group>"; };
		FC5569771D6FE3AB006A8D13 /* NOSTRASDK.framework */ = {isa = PBXFileReference; lastKnownFileType = wrapper.framework; name = NOSTRASDK.framework; path = /Users/itthisakphueaksri/Documents/NOSTRASDK/NOSTRASDK.framework; sourceTree = "<absolute>"; };
/* End PBXFileReference section */

/* Begin PBXFrameworksBuildPhase section */
		AFC2A7941CC3782800FC6AFA /* Frameworks */ = {
			isa = PBXFrameworksBuildPhase;
			buildActionMask = 2147483647;
			files = (
				FC5569781D6FE3AB006A8D13 /* NOSTRASDK.framework in Frameworks */,
			);
			runOnlyForDeploymentPostprocessing = 0;
		};
/* End PBXFrameworksBuildPhase section */

/* Begin PBXGroup section */
		AFC2A78E1CC3782700FC6AFA = {
			isa = PBXGroup;
			children = (
				AFC2A7991CC3782800FC6AFA /* IdentifySample */,
				AFC2A7981CC3782800FC6AFA /* Products */,
			);
			sourceTree = "<group>";
		};
		AFC2A7981CC3782800FC6AFA /* Products */ = {
			isa = PBXGroup;
			children = (
				AFC2A7971CC3782800FC6AFA /* IdentifySample.app */,
			);
			name = Products;
			sourceTree = "<group>";
		};
		AFC2A7991CC3782800FC6AFA /* IdentifySample */ = {
			isa = PBXGroup;
			children = (
				FC5569771D6FE3AB006A8D13 /* NOSTRASDK.framework */,
				AFC2A79A1CC3782800FC6AFA /* AppDelegate.swift */,
				AFC2A79C1CC3782800FC6AFA /* IdentifyViewController.swift */,
				FC5569731D6FE377006A8D13 /* DetailViewController.swift */,
				AFC2A79E1CC3782900FC6AFA /* Main.storyboard */,
				AFC2A7A11CC3782900FC6AFA /* Assets.xcassets */,
				AFC2A7A31CC3782900FC6AFA /* LaunchScreen.storyboard */,
				AFC2A7A61CC3782900FC6AFA /* Info.plist */,
			);
			path = IdentifySample;
			sourceTree = "<group>";
		};
/* End PBXGroup section */

/* Begin PBXNativeTarget section */
		AFC2A7961CC3782800FC6AFA /* IdentifySample */ = {
			isa = PBXNativeTarget;
			buildConfigurationList = AFC2A7A91CC3782900FC6AFA /* Build configuration list for PBXNativeTarget "IdentifySample" */;
			buildPhases = (
				AFC2A7931CC3782800FC6AFA /* Sources */,
				AFC2A7941CC3782800FC6AFA /* Frameworks */,
				AFC2A7951CC3782800FC6AFA /* Resources */,
				AF669B5B1CC4C68D0025AAE2 /* Embed Frameworks */,
			);
			buildRules = (
			);
			dependencies = (
			);
			name = IdentifySample;
			productName = IdentifySample;
			productReference = AFC2A7971CC3782800FC6AFA /* IdentifySample.app */;
			productType = "com.apple.product-type.application";
		};
/* End PBXNativeTarget section */

/* Begin PBXProject section */
		AFC2A78F1CC3782800FC6AFA /* Project object */ = {
			isa = PBXProject;
			attributes = {
				LastSwiftUpdateCheck = 0730;
				LastUpgradeCheck = 0730;
				ORGANIZATIONNAME = gissoft;
				TargetAttributes = {
					AFC2A7961CC3782800FC6AFA = {
						CreatedOnToolsVersion = 7.3;
						DevelopmentTeam = JV39BS58TD;
					};
				};
			};
			buildConfigurationList = AFC2A7921CC3782800FC6AFA /* Build configuration list for PBXProject "IdentifySample" */;
			compatibilityVersion = "Xcode 3.2";
			developmentRegion = English;
			hasScannedForEncodings = 0;
			knownRegions = (
				en,
				Base,
			);
			mainGroup = AFC2A78E1CC3782700FC6AFA;
			productRefGroup = AFC2A7981CC3782800FC6AFA /* Products */;
			projectDirPath = "";
			projectRoot = "";
			targets = (
				AFC2A7961CC3782800FC6AFA /* IdentifySample */,
			);
		};
/* End PBXProject section */

/* Begin PBXResourcesBuildPhase section */
		AFC2A7951CC3782800FC6AFA /* Resources */ = {
			isa = PBXResourcesBuildPhase;
			buildActionMask = 2147483647;
			files = (
				AFC2A7A51CC3782900FC6AFA /* LaunchScreen.storyboard in Resources */,
				AFC2A7A21CC3782900FC6AFA /* Assets.xcassets in Resources */,
				AFC2A7A01CC3782900FC6AFA /* Main.storyboard in Resources */,
			);
			runOnlyForDeploymentPostprocessing = 0;
		};
/* End PBXResourcesBuildPhase section */

/* Begin PBXSourcesBuildPhase section */
		AFC2A7931CC3782800FC6AFA /* Sources */ = {
			isa = PBXSourcesBuildPhase;
			buildActionMask = 2147483647;
			files = (
				FC5569741D6FE377006A8D13 /* DetailViewController.swift in Sources */,
				AFC2A79D1CC3782800FC6AFA /* IdentifyViewController.swift in Sources */,
				AFC2A79B1CC3782800FC6AFA /* AppDelegate.swift in Sources */,
			);
			runOnlyForDeploymentPostprocessing = 0;
		};
/* End PBXSourcesBuildPhase section */

/* Begin PBXVariantGroup section */
		AFC2A79E1CC3782900FC6AFA /* Main.storyboard */ = {
			isa = PBXVariantGroup;
			children = (
				AFC2A79F1CC3782900FC6AFA /* Base */,
			);
			name = Main.storyboard;
			sourceTree = "<group>";
		};
		AFC2A7A31CC3782900FC6AFA /* LaunchScreen.storyboard */ = {
			isa = PBXVariantGroup;
			children = (
				AFC2A7A41CC3782900FC6AFA /* Base */,
			);
			name = LaunchScreen.storyboard;
			sourceTree = "<group>";
		};
/* End PBXVariantGroup section */

/* Begin XCBuildConfiguration section */
		AFC2A7A71CC3782900FC6AFA /* Debug */ = {
			isa = XCBuildConfiguration;
			buildSettings = {
				ALWAYS_SEARCH_USER_PATHS = NO;
				CLANG_ANALYZER_NONNULL = YES;
				CLANG_CXX_LANGUAGE_STANDARD = "gnu++0x";
				CLANG_CXX_LIBRARY = "libc++";
				CLANG_ENABLE_MODULES = YES;
				CLANG_ENABLE_OBJC_ARC = YES;
				CLANG_WARN_BOOL_CONVERSION = YES;
				CLANG_WARN_CONSTANT_CONVERSION = YES;
				CLANG_WARN_DIRECT_OBJC_ISA_USAGE = YES_ERROR;
				CLANG_WARN_EMPTY_BODY = YES;
				CLANG_WARN_ENUM_CONVERSION = YES;
				CLANG_WARN_INT_CONVERSION = YES;
				CLANG_WARN_OBJC_ROOT_CLASS = YES_ERROR;
				CLANG_WARN_UNREACHABLE_CODE = YES;
				CLANG_WARN__DUPLICATE_METHOD_MATCH = YES;
				"CODE_SIGN_IDENTITY[sdk=iphoneos*]" = "iPhone Developer";
				COPY_PHASE_STRIP = NO;
				DEBUG_INFORMATION_FORMAT = dwarf;
				ENABLE_STRICT_OBJC_MSGSEND = YES;
				ENABLE_TESTABILITY = YES;
				GCC_C_LANGUAGE_STANDARD = gnu99;
				GCC_DYNAMIC_NO_PIC = NO;
				GCC_NO_COMMON_BLOCKS = YES;
				GCC_OPTIMIZATION_LEVEL = 0;
				GCC_PREPROCESSOR_DEFINITIONS = (
					"DEBUG=1",
					"$(inherited)",
				);
				GCC_WARN_64_TO_32_BIT_CONVERSION = YES;
				GCC_WARN_ABOUT_RETURN_TYPE = YES_ERROR;
				GCC_WARN_UNDECLARED_SELECTOR = YES;
				GCC_WARN_UNINITIALIZED_AUTOS = YES_AGGRESSIVE;
				GCC_WARN_UNUSED_FUNCTION = YES;
				GCC_WARN_UNUSED_VARIABLE = YES;
				IPHONEOS_DEPLOYMENT_TARGET = 9.3;
				MTL_ENABLE_DEBUG_INFO = YES;
				ONLY_ACTIVE_ARCH = YES;
				SDKROOT = iphoneos;
				SWIFT_OPTIMIZATION_LEVEL = "-Onone";
				TARGETED_DEVICE_FAMILY = "1,2";
			};
			name = Debug;
		};
		AFC2A7A81CC3782900FC6AFA /* Release */ = {
			isa = XCBuildConfiguration;
			buildSettings = {
				ALWAYS_SEARCH_USER_PATHS = NO;
				CLANG_ANALYZER_NONNULL = YES;
				CLANG_CXX_LANGUAGE_STANDARD = "gnu++0x";
				CLANG_CXX_LIBRARY = "libc++";
				CLANG_ENABLE_MODULES = YES;
				CLANG_ENABLE_OBJC_ARC = YES;
				CLANG_WARN_BOOL_CONVERSION = YES;
				CLANG_WARN_CONSTANT_CONVERSION = YES;
				CLANG_WARN_DIRECT_OBJC_ISA_USAGE = YES_ERROR;
				CLANG_WARN_EMPTY_BODY = YES;
				CLANG_WARN_ENUM_CONVERSION = YES;
				CLANG_WARN_INT_CONVERSION = YES;
				CLANG_WARN_OBJC_ROOT_CLASS = YES_ERROR;
				CLANG_WARN_UNREACHABLE_CODE = YES;
				CLANG_WARN__DUPLICATE_METHOD_MATCH = YES;
				"CODE_SIGN_IDENTITY[sdk=iphoneos*]" = "iPhone Developer";
				COPY_PHASE_STRIP = NO;
				DEBUG_INFORMATION_FORMAT = "dwarf-with-dsym";
				ENABLE_NS_ASSERTIONS = NO;
				ENABLE_STRICT_OBJC_MSGSEND = YES;
				GCC_C_LANGUAGE_STANDARD = gnu99;
				GCC_NO_COMMON_BLOCKS = YES;
				GCC_WARN_64_TO_32_BIT_CONVERSION = YES;
				GCC_WARN_ABOUT_RETURN_TYPE = YES_ERROR;
				GCC_WARN_UNDECLARED_SELECTOR = YES;
				GCC_WARN_UNINITIALIZED_AUTOS = YES_AGGRESSIVE;
				GCC_WARN_UNUSED_FUNCTION = YES;
				GCC_WARN_UNUSED_VARIABLE = YES;
				IPHONEOS_DEPLOYMENT_TARGET = 9.3;
				MTL_ENABLE_DEBUG_INFO = NO;
				SDKROOT = iphoneos;
				TARGETED_DEVICE_FAMILY = "1,2";
				VALIDATE_PRODUCT = YES;
			};
			name = Release;
		};
		AFC2A7AA1CC3782900FC6AFA /* Debug */ = {
			isa = XCBuildConfiguration;
			buildSettings = {
				ASSETCATALOG_COMPILER_APPICON_NAME = AppIcon;
				CODE_SIGN_IDENTITY = "iPhone Developer";
				"CODE_SIGN_IDENTITY[sdk=iphoneos*]" = "iPhone Developer";
				ENABLE_BITCODE = NO;
				FRAMEWORK_SEARCH_PATHS = (
					"$(HOME)/Library/SDKs/ArcGIS/iOS/**",
					"$(HOME)/Documents/NOSTRASDK/**",
					"$(PROJECT_DIR)/IdentifySample",
				);
				INFOPLIST_FILE = IdentifySample/Info.plist;
				LD_RUNPATH_SEARCH_PATHS = "$(inherited) @executable_path/Frameworks";
				OTHER_LDFLAGS = (
					"-ObjC",
					"-framework",
					ArcGIS,
					"-l",
					"c++",
				);
				PRODUCT_BUNDLE_IDENTIFIER = nostrasdk.IdentifySample;
				PRODUCT_NAME = "$(TARGET_NAME)";
				PROVISIONING_PROFILE = "";
			};
			name = Debug;
		};
		AFC2A7AB1CC3782900FC6AFA /* Release */ = {
			isa = XCBuildConfiguration;
			buildSettings = {
				ASSETCATALOG_COMPILER_APPICON_NAME = AppIcon;
				CODE_SIGN_IDENTITY = "iPhone Developer";
				"CODE_SIGN_IDENTITY[sdk=iphoneos*]" = "iPhone Developer";
				ENABLE_BITCODE = NO;
				FRAMEWORK_SEARCH_PATHS = (
					"$(HOME)/Library/SDKs/ArcGIS/iOS/**",
					"$(HOME)/Documents/NOSTRASDK/**",
					"$(PROJECT_DIR)/IdentifySample",
				);
				INFOPLIST_FILE = IdentifySample/Info.plist;
				LD_RUNPATH_SEARCH_PATHS = "$(inherited) @executable_path/Frameworks";
				OTHER_LDFLAGS = (
					"-ObjC",
					"-framework",
					ArcGIS,
					"-l",
					"c++",
				);
				PRODUCT_BUNDLE_IDENTIFIER = nostrasdk.IdentifySample;
				PRODUCT_NAME = "$(TARGET_NAME)";
				PROVISIONING_PROFILE = "";
			};
			name = Release;
		};
/* End XCBuildConfiguration section */

/* Begin XCConfigurationList section */
		AFC2A7921CC3782800FC6AFA /* Build configuration list for PBXProject "IdentifySample" */ = {
			isa = XCConfigurationList;
			buildConfigurations = (
				AFC2A7A71CC3782900FC6AFA /* Debug */,
				AFC2A7A81CC3782900FC6AFA /* Release */,
			);
			defaultConfigurationIsVisible = 0;
			defaultConfigurationName = Release;
		};
		AFC2A7A91CC3782900FC6AFA /* Build configuration list for PBXNativeTarget "IdentifySample" */ = {
			isa = XCConfigurationList;
			buildConfigurations = (
				AFC2A7AA1CC3782900FC6AFA /* Debug */,
				AFC2A7AB1CC3782900FC6AFA /* Release */,
			);
			defaultConfigurationIsVisible = 0;
			defaultConfigurationName = Release;
		};
/* End XCConfigurationList section */
	};
	rootObject = AFC2A78F1CC3782800FC6AFA /* Project object */;
}
