// !$*UTF8*$!
{
	archiveVersion = 1;
	classes = {
	};
	objectVersion = 46;
	objects = {

/* Begin PBXBuildFile section */
		AFB144021CC37DB80095EDCE /* main.m in Sources */ = {isa = PBXBuildFile; fileRef = AFB144011CC37DB80095EDCE /* main.m */; };
		AFB144051CC37DB80095EDCE /* AppDelegate.m in Sources */ = {isa = PBXBuildFile; fileRef = AFB144041CC37DB80095EDCE /* AppDelegate.m */; };
		AFB1440B1CC37DB80095EDCE /* Main.storyboard in Resources */ = {isa = PBXBuildFile; fileRef = AFB144091CC37DB80095EDCE /* Main.storyboard */; };
		AFB1440D1CC37DB80095EDCE /* Assets.xcassets in Resources */ = {isa = PBXBuildFile; fileRef = AFB1440C1CC37DB80095EDCE /* Assets.xcassets */; };
		AFB144101CC37DB80095EDCE /* LaunchScreen.storyboard in Resources */ = {isa = PBXBuildFile; fileRef = AFB1440E1CC37DB80095EDCE /* LaunchScreen.storyboard */; };
		AFCCBE4D1D7875230016CCE4 /* KeywordViewController.m in Sources */ = {isa = PBXBuildFile; fileRef = AFCCBE4C1D7875230016CCE4 /* KeywordViewController.m */; };
		AFCCBE501D7875B10016CCE4 /* CategoryViewController.m in Sources */ = {isa = PBXBuildFile; fileRef = AFCCBE4F1D7875B10016CCE4 /* CategoryViewController.m */; };
		AFCCBE531D7875C50016CCE4 /* ResultViewController.m in Sources */ = {isa = PBXBuildFile; fileRef = AFCCBE521D7875C50016CCE4 /* ResultViewController.m */; };
		AFCCBE561D7875D60016CCE4 /* LocalCategoryViewController.m in Sources */ = {isa = PBXBuildFile; fileRef = AFCCBE551D7875D60016CCE4 /* LocalCategoryViewController.m */; };
		AFCCBE591D7875E50016CCE4 /* MapResultViewController.m in Sources */ = {isa = PBXBuildFile; fileRef = AFCCBE581D7875E50016CCE4 /* MapResultViewController.m */; };
		FC36D88F1D794C0500132E81 /* NOSTRASDK.framework in Frameworks */ = {isa = PBXBuildFile; fileRef = FC36D88E1D794C0500132E81 /* NOSTRASDK.framework */; };
		FC36D8901D794C0500132E81 /* NOSTRASDK.framework in Embed Frameworks */ = {isa = PBXBuildFile; fileRef = FC36D88E1D794C0500132E81 /* NOSTRASDK.framework */; settings = {ATTRIBUTES = (CodeSignOnCopy, RemoveHeadersOnCopy, ); }; };
/* End PBXBuildFile section */

/* Begin PBXCopyFilesBuildPhase section */
		AFCCBE031D786B6F0016CCE4 /* Embed Frameworks */ = {
			isa = PBXCopyFilesBuildPhase;
			buildActionMask = 2147483647;
			dstPath = "";
			dstSubfolderSpec = 10;
			files = (
				FC36D8901D794C0500132E81 /* NOSTRASDK.framework in Embed Frameworks */,
			);
			name = "Embed Frameworks";
			runOnlyForDeploymentPostprocessing = 0;
		};
/* End PBXCopyFilesBuildPhase section */

/* Begin PBXFileReference section */
		AFB143FD1CC37DB80095EDCE /* SearchSample.app */ = {isa = PBXFileReference; explicitFileType = wrapper.application; includeInIndex = 0; path = SearchSample.app; sourceTree = BUILT_PRODUCTS_DIR; };
		AFB144011CC37DB80095EDCE /* main.m */ = {isa = PBXFileReference; lastKnownFileType = sourcecode.c.objc; path = main.m; sourceTree = "<group>"; };
		AFB144031CC37DB80095EDCE /* AppDelegate.h */ = {isa = PBXFileReference; lastKnownFileType = sourcecode.c.h; path = AppDelegate.h; sourceTree = "<group>"; };
		AFB144041CC37DB80095EDCE /* AppDelegate.m */ = {isa = PBXFileReference; lastKnownFileType = sourcecode.c.objc; path = AppDelegate.m; sourceTree = "<group>"; };
		AFB1440A1CC37DB80095EDCE /* Base */ = {isa = PBXFileReference; lastKnownFileType = file.storyboard; name = Base; path = Base.lproj/Main.storyboard; sourceTree = "<group>"; };
		AFB1440C1CC37DB80095EDCE /* Assets.xcassets */ = {isa = PBXFileReference; lastKnownFileType = folder.assetcatalog; path = Assets.xcassets; sourceTree = "<group>"; };
		AFB1440F1CC37DB80095EDCE /* Base */ = {isa = PBXFileReference; lastKnownFileType = file.storyboard; name = Base; path = Base.lproj/LaunchScreen.storyboard; sourceTree = "<group>"; };
		AFB144111CC37DB80095EDCE /* Info.plist */ = {isa = PBXFileReference; lastKnownFileType = text.plist.xml; path = Info.plist; sourceTree = "<group>"; };
		AFCCBE4B1D7875230016CCE4 /* KeywordViewController.h */ = {isa = PBXFileReference; fileEncoding = 4; lastKnownFileType = sourcecode.c.h; path = KeywordViewController.h; sourceTree = "<group>"; };
		AFCCBE4C1D7875230016CCE4 /* KeywordViewController.m */ = {isa = PBXFileReference; fileEncoding = 4; lastKnownFileType = sourcecode.c.objc; path = KeywordViewController.m; sourceTree = "<group>"; };
		AFCCBE4E1D7875B10016CCE4 /* CategoryViewController.h */ = {isa = PBXFileReference; fileEncoding = 4; lastKnownFileType = sourcecode.c.h; path = CategoryViewController.h; sourceTree = "<group>"; };
		AFCCBE4F1D7875B10016CCE4 /* CategoryViewController.m */ = {isa = PBXFileReference; fileEncoding = 4; lastKnownFileType = sourcecode.c.objc; path = CategoryViewController.m; sourceTree = "<group>"; };
		AFCCBE511D7875C50016CCE4 /* ResultViewController.h */ = {isa = PBXFileReference; fileEncoding = 4; lastKnownFileType = sourcecode.c.h; path = ResultViewController.h; sourceTree = "<group>"; };
		AFCCBE521D7875C50016CCE4 /* ResultViewController.m */ = {isa = PBXFileReference; fileEncoding = 4; lastKnownFileType = sourcecode.c.objc; path = ResultViewController.m; sourceTree = "<group>"; };
		AFCCBE541D7875D60016CCE4 /* LocalCategoryViewController.h */ = {isa = PBXFileReference; fileEncoding = 4; lastKnownFileType = sourcecode.c.h; path = LocalCategoryViewController.h; sourceTree = "<group>"; };
		AFCCBE551D7875D60016CCE4 /* LocalCategoryViewController.m */ = {isa = PBXFileReference; fileEncoding = 4; lastKnownFileType = sourcecode.c.objc; path = LocalCategoryViewController.m; sourceTree = "<group>"; };
		AFCCBE571D7875E50016CCE4 /* MapResultViewController.h */ = {isa = PBXFileReference; fileEncoding = 4; lastKnownFileType = sourcecode.c.h; path = MapResultViewController.h; sourceTree = "<group>"; };
		AFCCBE581D7875E50016CCE4 /* MapResultViewController.m */ = {isa = PBXFileReference; fileEncoding = 4; lastKnownFileType = sourcecode.c.objc; path = MapResultViewController.m; sourceTree = "<group>"; };
		FC36D88E1D794C0500132E81 /* NOSTRASDK.framework */ = {isa = PBXFileReference; lastKnownFileType = wrapper.framework; name = NOSTRASDK.framework; path = /Library/NOSTRASDK/NOSTRASDK.framework; sourceTree = "<absolute>"; };
/* End PBXFileReference section */

/* Begin PBXFrameworksBuildPhase section */
		AFB143FA1CC37DB80095EDCE /* Frameworks */ = {
			isa = PBXFrameworksBuildPhase;
			buildActionMask = 2147483647;
			files = (
				FC36D88F1D794C0500132E81 /* NOSTRASDK.framework in Frameworks */,
			);
			runOnlyForDeploymentPostprocessing = 0;
		};
/* End PBXFrameworksBuildPhase section */

/* Begin PBXGroup section */
		AFB143F41CC37DB80095EDCE = {
			isa = PBXGroup;
			children = (
				AFB143FF1CC37DB80095EDCE /* SearchSample */,
				AFB143FE1CC37DB80095EDCE /* Products */,
			);
			sourceTree = "<group>";
		};
		AFB143FE1CC37DB80095EDCE /* Products */ = {
			isa = PBXGroup;
			children = (
				AFB143FD1CC37DB80095EDCE /* SearchSample.app */,
			);
			name = Products;
			sourceTree = "<group>";
		};
		AFB143FF1CC37DB80095EDCE /* SearchSample */ = {
			isa = PBXGroup;
			children = (
				FC36D88E1D794C0500132E81 /* NOSTRASDK.framework */,
				AFB144031CC37DB80095EDCE /* AppDelegate.h */,
				AFB144041CC37DB80095EDCE /* AppDelegate.m */,
				AFB144091CC37DB80095EDCE /* Main.storyboard */,
				AFB1440C1CC37DB80095EDCE /* Assets.xcassets */,
				AFB1440E1CC37DB80095EDCE /* LaunchScreen.storyboard */,
				AFB144111CC37DB80095EDCE /* Info.plist */,
				AFB144001CC37DB80095EDCE /* Supporting Files */,
				AFCCBE4B1D7875230016CCE4 /* KeywordViewController.h */,
				AFCCBE4C1D7875230016CCE4 /* KeywordViewController.m */,
				AFCCBE4E1D7875B10016CCE4 /* CategoryViewController.h */,
				AFCCBE4F1D7875B10016CCE4 /* CategoryViewController.m */,
				AFCCBE511D7875C50016CCE4 /* ResultViewController.h */,
				AFCCBE521D7875C50016CCE4 /* ResultViewController.m */,
				AFCCBE541D7875D60016CCE4 /* LocalCategoryViewController.h */,
				AFCCBE551D7875D60016CCE4 /* LocalCategoryViewController.m */,
				AFCCBE571D7875E50016CCE4 /* MapResultViewController.h */,
				AFCCBE581D7875E50016CCE4 /* MapResultViewController.m */,
			);
			path = SearchSample;
			sourceTree = "<group>";
		};
		AFB144001CC37DB80095EDCE /* Supporting Files */ = {
			isa = PBXGroup;
			children = (
				AFB144011CC37DB80095EDCE /* main.m */,
			);
			name = "Supporting Files";
			sourceTree = "<group>";
		};
/* End PBXGroup section */

/* Begin PBXNativeTarget section */
		AFB143FC1CC37DB80095EDCE /* SearchSample */ = {
			isa = PBXNativeTarget;
			buildConfigurationList = AFB144141CC37DB80095EDCE /* Build configuration list for PBXNativeTarget "SearchSample" */;
			buildPhases = (
				AFB143F91CC37DB80095EDCE /* Sources */,
				AFB143FA1CC37DB80095EDCE /* Frameworks */,
				AFB143FB1CC37DB80095EDCE /* Resources */,
				AFCCBE031D786B6F0016CCE4 /* Embed Frameworks */,
			);
			buildRules = (
			);
			dependencies = (
			);
			name = SearchSample;
			productName = SearchSample;
			productReference = AFB143FD1CC37DB80095EDCE /* SearchSample.app */;
			productType = "com.apple.product-type.application";
		};
/* End PBXNativeTarget section */

/* Begin PBXProject section */
		AFB143F51CC37DB80095EDCE /* Project object */ = {
			isa = PBXProject;
			attributes = {
				LastUpgradeCheck = 0730;
				ORGANIZATIONNAME = gissoft;
				TargetAttributes = {
					AFB143FC1CC37DB80095EDCE = {
						CreatedOnToolsVersion = 7.3;
					};
				};
			};
			buildConfigurationList = AFB143F81CC37DB80095EDCE /* Build configuration list for PBXProject "SearchSample" */;
			compatibilityVersion = "Xcode 3.2";
			developmentRegion = English;
			hasScannedForEncodings = 0;
			knownRegions = (
				en,
				Base,
			);
			mainGroup = AFB143F41CC37DB80095EDCE;
			productRefGroup = AFB143FE1CC37DB80095EDCE /* Products */;
			projectDirPath = "";
			projectRoot = "";
			targets = (
				AFB143FC1CC37DB80095EDCE /* SearchSample */,
			);
		};
/* End PBXProject section */

/* Begin PBXResourcesBuildPhase section */
		AFB143FB1CC37DB80095EDCE /* Resources */ = {
			isa = PBXResourcesBuildPhase;
			buildActionMask = 2147483647;
			files = (
				AFB144101CC37DB80095EDCE /* LaunchScreen.storyboard in Resources */,
				AFB1440D1CC37DB80095EDCE /* Assets.xcassets in Resources */,
				AFB1440B1CC37DB80095EDCE /* Main.storyboard in Resources */,
			);
			runOnlyForDeploymentPostprocessing = 0;
		};
/* End PBXResourcesBuildPhase section */

/* Begin PBXSourcesBuildPhase section */
		AFB143F91CC37DB80095EDCE /* Sources */ = {
			isa = PBXSourcesBuildPhase;
			buildActionMask = 2147483647;
			files = (
				AFCCBE561D7875D60016CCE4 /* LocalCategoryViewController.m in Sources */,
				AFCCBE501D7875B10016CCE4 /* CategoryViewController.m in Sources */,
				AFCCBE591D7875E50016CCE4 /* MapResultViewController.m in Sources */,
				AFB144051CC37DB80095EDCE /* AppDelegate.m in Sources */,
				AFCCBE4D1D7875230016CCE4 /* KeywordViewController.m in Sources */,
				AFCCBE531D7875C50016CCE4 /* ResultViewController.m in Sources */,
				AFB144021CC37DB80095EDCE /* main.m in Sources */,
			);
			runOnlyForDeploymentPostprocessing = 0;
		};
/* End PBXSourcesBuildPhase section */

/* Begin PBXVariantGroup section */
		AFB144091CC37DB80095EDCE /* Main.storyboard */ = {
			isa = PBXVariantGroup;
			children = (
				AFB1440A1CC37DB80095EDCE /* Base */,
			);
			name = Main.storyboard;
			sourceTree = "<group>";
		};
		AFB1440E1CC37DB80095EDCE /* LaunchScreen.storyboard */ = {
			isa = PBXVariantGroup;
			children = (
				AFB1440F1CC37DB80095EDCE /* Base */,
			);
			name = LaunchScreen.storyboard;
			sourceTree = "<group>";
		};
/* End PBXVariantGroup section */

/* Begin XCBuildConfiguration section */
		AFB144121CC37DB80095EDCE /* Debug */ = {
			isa = XCBuildConfiguration;
			buildSettings = {
				ALWAYS_SEARCH_USER_PATHS = NO;
				CLANG_ANALYZER_NONNULL = YES;
				CLANG_CXX_LANGUAGE_STANDARD = "gnu++0x";
				CLANG_CXX_LIBRARY = "libc++";
				CLANG_ENABLE_MODULES = YES;
				CLANG_ENABLE_OBJC_ARC = YES;
				CLANG_WARN_BOOL_CONVERSION = YES;
				CLANG_WARN_CONSTANT_CONVERSION = YES;
				CLANG_WARN_DIRECT_OBJC_ISA_USAGE = YES_ERROR;
				CLANG_WARN_EMPTY_BODY = YES;
				CLANG_WARN_ENUM_CONVERSION = YES;
				CLANG_WARN_INT_CONVERSION = YES;
				CLANG_WARN_OBJC_ROOT_CLASS = YES_ERROR;
				CLANG_WARN_UNREACHABLE_CODE = YES;
				CLANG_WARN__DUPLICATE_METHOD_MATCH = YES;
				"CODE_SIGN_IDENTITY[sdk=iphoneos*]" = "iPhone Developer";
				COPY_PHASE_STRIP = NO;
				DEBUG_INFORMATION_FORMAT = dwarf;
				ENABLE_STRICT_OBJC_MSGSEND = YES;
				ENABLE_TESTABILITY = YES;
				GCC_C_LANGUAGE_STANDARD = gnu99;
				GCC_DYNAMIC_NO_PIC = NO;
				GCC_NO_COMMON_BLOCKS = YES;
				GCC_OPTIMIZATION_LEVEL = 0;
				GCC_PREPROCESSOR_DEFINITIONS = (
					"DEBUG=1",
					"$(inherited)",
				);
				GCC_WARN_64_TO_32_BIT_CONVERSION = YES;
				GCC_WARN_ABOUT_RETURN_TYPE = YES_ERROR;
				GCC_WARN_UNDECLARED_SELECTOR = YES;
				GCC_WARN_UNINITIALIZED_AUTOS = YES_AGGRESSIVE;
				GCC_WARN_UNUSED_FUNCTION = YES;
				GCC_WARN_UNUSED_VARIABLE = YES;
				IPHONEOS_DEPLOYMENT_TARGET = 9.3;
				MTL_ENABLE_DEBUG_INFO = YES;
				ONLY_ACTIVE_ARCH = YES;
				SDKROOT = iphoneos;
				TARGETED_DEVICE_FAMILY = "1,2";
			};
			name = Debug;
		};
		AFB144131CC37DB80095EDCE /* Release */ = {
			isa = XCBuildConfiguration;
			buildSettings = {
				ALWAYS_SEARCH_USER_PATHS = NO;
				CLANG_ANALYZER_NONNULL = YES;
				CLANG_CXX_LANGUAGE_STANDARD = "gnu++0x";
				CLANG_CXX_LIBRARY = "libc++";
				CLANG_ENABLE_MODULES = YES;
				CLANG_ENABLE_OBJC_ARC = YES;
				CLANG_WARN_BOOL_CONVERSION = YES;
				CLANG_WARN_CONSTANT_CONVERSION = YES;
				CLANG_WARN_DIRECT_OBJC_ISA_USAGE = YES_ERROR;
				CLANG_WARN_EMPTY_BODY = YES;
				CLANG_WARN_ENUM_CONVERSION = YES;
				CLANG_WARN_INT_CONVERSION = YES;
				CLANG_WARN_OBJC_ROOT_CLASS = YES_ERROR;
				CLANG_WARN_UNREACHABLE_CODE = YES;
				CLANG_WARN__DUPLICATE_METHOD_MATCH = YES;
				"CODE_SIGN_IDENTITY[sdk=iphoneos*]" = "iPhone Developer";
				COPY_PHASE_STRIP = NO;
				DEBUG_INFORMATION_FORMAT = "dwarf-with-dsym";
				ENABLE_NS_ASSERTIONS = NO;
				ENABLE_STRICT_OBJC_MSGSEND = YES;
				GCC_C_LANGUAGE_STANDARD = gnu99;
				GCC_NO_COMMON_BLOCKS = YES;
				GCC_WARN_64_TO_32_BIT_CONVERSION = YES;
				GCC_WARN_ABOUT_RETURN_TYPE = YES_ERROR;
				GCC_WARN_UNDECLARED_SELECTOR = YES;
				GCC_WARN_UNINITIALIZED_AUTOS = YES_AGGRESSIVE;
				GCC_WARN_UNUSED_FUNCTION = YES;
				GCC_WARN_UNUSED_VARIABLE = YES;
				IPHONEOS_DEPLOYMENT_TARGET = 9.3;
				MTL_ENABLE_DEBUG_INFO = NO;
				SDKROOT = iphoneos;
				TARGETED_DEVICE_FAMILY = "1,2";
				VALIDATE_PRODUCT = YES;
			};
			name = Release;
		};
		AFB144151CC37DB80095EDCE /* Debug */ = {
			isa = XCBuildConfiguration;
			buildSettings = {
				ASSETCATALOG_COMPILER_APPICON_NAME = AppIcon;
				EMBEDDED_CONTENT_CONTAINS_SWIFT = YES;
				ENABLE_BITCODE = NO;
				FRAMEWORK_SEARCH_PATHS = (
					"$(HOME)/Library/SDKs/ArcGIS/iOS/**",
					"$(LOCAL_LIBRARY_DIR)/NOSTRASDK",
				);
				INFOPLIST_FILE = SearchSample/Info.plist;
				LD_RUNPATH_SEARCH_PATHS = "$(inherited) @executable_path/Frameworks";
				OTHER_LDFLAGS = (
					"-ObjC",
					"-framework",
					ArcGIS,
					"-l",
					"c++",
				);
				PRODUCT_BUNDLE_IDENTIFIER = nostrasdk.SearchSample;
				PRODUCT_NAME = "$(TARGET_NAME)";
			};
			name = Debug;
		};
		AFB144161CC37DB80095EDCE /* Release */ = {
			isa = XCBuildConfiguration;
			buildSettings = {
				ASSETCATALOG_COMPILER_APPICON_NAME = AppIcon;
				EMBEDDED_CONTENT_CONTAINS_SWIFT = YES;
				ENABLE_BITCODE = NO;
				FRAMEWORK_SEARCH_PATHS = (
					"$(HOME)/Library/SDKs/ArcGIS/iOS/**",
					"$(LOCAL_LIBRARY_DIR)/NOSTRASDK",
				);
				INFOPLIST_FILE = SearchSample/Info.plist;
				LD_RUNPATH_SEARCH_PATHS = "$(inherited) @executable_path/Frameworks";
				OTHER_LDFLAGS = (
					"-ObjC",
					"-framework",
					ArcGIS,
					"-l",
					"c++",
				);
				PRODUCT_BUNDLE_IDENTIFIER = nostrasdk.SearchSample;
				PRODUCT_NAME = "$(TARGET_NAME)";
			};
			name = Release;
		};
/* End XCBuildConfiguration section */

/* Begin XCConfigurationList section */
		AFB143F81CC37DB80095EDCE /* Build configuration list for PBXProject "SearchSample" */ = {
			isa = XCConfigurationList;
			buildConfigurations = (
				AFB144121CC37DB80095EDCE /* Debug */,
				AFB144131CC37DB80095EDCE /* Release */,
			);
			defaultConfigurationIsVisible = 0;
			defaultConfigurationName = Release;
		};
		AFB144141CC37DB80095EDCE /* Build configuration list for PBXNativeTarget "SearchSample" */ = {
			isa = XCConfigurationList;
			buildConfigurations = (
				AFB144151CC37DB80095EDCE /* Debug */,
				AFB144161CC37DB80095EDCE /* Release */,
			);
			defaultConfigurationIsVisible = 0;
			defaultConfigurationName = Release;
		};
/* End XCConfigurationList section */
	};
	rootObject = AFB143F51CC37DB80095EDCE /* Project object */;
}
